
Microsoft Visual Studio Solution File, Format Version 12.00
# Visual Studio Version 17
VisualStudioVersion = 17.0.32112.339
MinimumVisualStudioVersion = 10.0.40219.1
Project("{9A19103F-16F7-4668-BE54-9A1E7A4F7556}") = "BookingClient", "BookingClient\BookingClient.csproj", "{132CC819-0771-4AD7-874F-2D889EB2616E}"
EndProject
Project("{FAE04EC0-301F-11D3-BF4B-00C04F79EFBC}") = "BL", "BL\BL.csproj", "{D8AE9532-F9BF-47BE-8C88-0C6434176B29}"
EndProject
Project("{FAE04EC0-301F-11D3-BF4B-00C04F79EFBC}") = "Models", "Models\Models.csproj", "{AB8ABBD4-8D20-4E1F-89CE-3237DD523B83}"
EndProject
Project("{FAE04EC0-301F-11D3-BF4B-00C04F79EFBC}") = "Common", "Common\Common.csproj", "{F009AA17-888D-45F9-A249-B19EDEC371D5}"
EndProject
Global
	GlobalSection(SolutionConfigurationPlatforms) = preSolution
		Debug|Any CPU = Debug|Any CPU
		Release|Any CPU = Release|Any CPU
	EndGlobalSection
	GlobalSection(ProjectConfigurationPlatforms) = postSolution
		{132CC819-0771-4AD7-874F-2D889EB2616E}.Debug|Any CPU.ActiveCfg = Debug|Any CPU
		{132CC819-0771-4AD7-874F-2D889EB2616E}.Debug|Any CPU.Build.0 = Debug|Any CPU
		{132CC819-0771-4AD7-874F-2D889EB2616E}.Release|Any CPU.ActiveCfg = Release|Any CPU
		{132CC819-0771-4AD7-874F-2D889EB2616E}.Release|Any CPU.Build.0 = Release|Any CPU
		{D8AE9532-F9BF-47BE-8C88-0C6434176B29}.Debug|Any CPU.ActiveCfg = Debug|Any CPU
		{D8AE9532-F9BF-47BE-8C88-0C6434176B29}.Debug|Any CPU.Build.0 = Debug|Any CPU
		{D8AE9532-F9BF-47BE-8C88-0C6434176B29}.Release|Any CPU.ActiveCfg = Release|Any CPU
		{D8AE9532-F9BF-47BE-8C88-0C6434176B29}.Release|Any CPU.Build.0 = Release|Any CPU
		{AB8ABBD4-8D20-4E1F-89CE-3237DD523B83}.Debug|Any CPU.ActiveCfg = Debug|Any CPU
		{AB8ABBD4-8D20-4E1F-89CE-3237DD523B83}.Debug|Any CPU.Build.0 = Debug|Any CPU
		{AB8ABBD4-8D20-4E1F-89CE-3237DD523B83}.Release|Any CPU.ActiveCfg = Release|Any CPU
		{AB8ABBD4-8D20-4E1F-89CE-3237DD523B83}.Release|Any CPU.Build.0 = Release|Any CPU
		{F009AA17-888D-45F9-A249-B19EDEC371D5}.Debug|Any CPU.ActiveCfg = Debug|Any CPU
		{F009AA17-888D-45F9-A249-B19EDEC371D5}.Debug|Any CPU.Build.0 = Debug|Any CPU
		{F009AA17-888D-45F9-A249-B19EDEC371D5}.Release|Any CPU.ActiveCfg = Release|Any CPU
		{F009AA17-888D-45F9-A249-B19EDEC371D5}.Release|Any CPU.Build.0 = Release|Any CPU
	EndGlobalSection
	GlobalSection(SolutionProperties) = preSolution
		HideSolutionNode = FALSE
	EndGlobalSection
	GlobalSection(ExtensibilityGlobals) = postSolution
		SolutionGuid = {45D2DCBD-37A5-423C-B7AF-9E0FFC6279A2}
	EndGlobalSection
EndGlobal
